Microsoft Visual Studio Solution File, Format Version 12.00
# Visual Studio Version 17
VisualStudioVersion = 17.5.2.0
MinimumVisualStudioVersion = 10.0.40219.1
Project("{FAE04EC0-301F-11D3-BF4B-00C04F79EFBC}") = "Teste_Email", "Teste_Email.csproj", "{26D2B8A5-7EE8-7813-1754-6D715FF27279}"
EndProject
Global
	GlobalSection(SolutionConfigurationPlatforms) = preSolution
		Debug|Any CPU = Debug|Any CPU
		Release|Any CPU = Release|Any CPU
	EndGlobalSection
	GlobalSection(ProjectConfigurationPlatforms) = postSolution
		{26D2B8A5-7EE8-7813-1754-6D715FF27279}.Debug|Any CPU.ActiveCfg = Debug|Any CPU
		{26D2B8A5-7EE8-7813-1754-6D715FF27279}.Debug|Any CPU.Build.0 = Debug|Any CPU
		{26D2B8A5-7EE8-7813-1754-6D715FF27279}.Release|Any CPU.ActiveCfg = Release|Any CPU
		{26D2B8A5-7EE8-7813-1754-6D715FF27279}.Release|Any CPU.Build.0 = Release|Any CPU
	EndGlobalSection
	GlobalSection(SolutionProperties) = preSolution
		HideSolutionNode = FALSE
	EndGlobalSection
	GlobalSection(ExtensibilityGlobals) = postSolution
		SolutionGuid = {1EB0A426-9A96-427B-B953-C625DDE02EF9}
	EndGlobalSection
EndGlobal
